
Microsoft Visual Studio Solution File, Format Version 12.00
# Visual Studio Version 16
VisualStudioVersion = 16.0.30011.22
MinimumVisualStudioVersion = 10.0.40219.1
Project("{FAE04EC0-301F-11D3-BF4B-00C04F79EFBC}") = "TestTask", "TestTask\TestTask.csproj", "{3A60C5EA-2B53-4222-96E1-92AFF04ABAE5}"
EndProject
Project("{FAE04EC0-301F-11D3-BF4B-00C04F79EFBC}") = "MyTest", "MyTest\MyTest.csproj", "{F43C1FCE-7C1B-4939-8C61-840029ACC095}"
EndProject
Global
	GlobalSection(SolutionConfigurationPlatforms) = preSolution
		Debug|Any CPU = Debug|Any CPU
		Release|Any CPU = Release|Any CPU
	EndGlobalSection
	GlobalSection(ProjectConfigurationPlatforms) = postSolution
		{3A60C5EA-2B53-4222-96E1-92AFF04ABAE5}.Debug|Any CPU.ActiveCfg = Debug|Any CPU
		{3A60C5EA-2B53-4222-96E1-92AFF04ABAE5}.Debug|Any CPU.Build.0 = Debug|Any CPU
		{3A60C5EA-2B53-4222-96E1-92AFF04ABAE5}.Release|Any CPU.ActiveCfg = Release|Any CPU
		{3A60C5EA-2B53-4222-96E1-92AFF04ABAE5}.Release|Any CPU.Build.0 = Release|Any CPU
		{F43C1FCE-7C1B-4939-8C61-840029ACC095}.Debug|Any CPU.ActiveCfg = Debug|Any CPU
		{F43C1FCE-7C1B-4939-8C61-840029ACC095}.Debug|Any CPU.Build.0 = Debug|Any CPU
		{F43C1FCE-7C1B-4939-8C61-840029ACC095}.Release|Any CPU.ActiveCfg = Release|Any CPU
		{F43C1FCE-7C1B-4939-8C61-840029ACC095}.Release|Any CPU.Build.0 = Release|Any CPU
	EndGlobalSection
	GlobalSection(SolutionProperties) = preSolution
		HideSolutionNode = FALSE
	EndGlobalSection
	GlobalSection(ExtensibilityGlobals) = postSolution
		SolutionGuid = {8A00E2F7-CCFF-4E25-8314-C905FA22CA3D}
	EndGlobalSection
EndGlobal
